# THIS IS AN AUTOGENERATED FILE. DO NOT EDIT THIS FILE DIRECTLY.
# yarn lockfile v1


"@vscode/iconv-lite-umd@^0.7.0":
  version "0.7.0"
  resolved "https://registry.yarnpkg.com/@vscode/iconv-lite-umd/-/iconv-lite-umd-0.7.0.tgz#d2f1e0664ee6036408f9743fee264ea0699b0e48"
  integrity sha512-bRRFxLfg5dtAyl5XyiVWz/ZBPahpOpPrNYnnHpOpUZvam4tKH35wdhP4Kj6PbM0+KdliOsPzbGWpkxcdpNB/sg==
